
Microsoft Visual Studio Solution File, Format Version 12.00
# Visual Studio 15
VisualStudioVersion = 15.0.27703.2042
MinimumVisualStudioVersion = 10.0.40219.1
Project("{FAE04EC0-301F-11D3-BF4B-00C04F79EFBC}") = "Snake2", "Snake2\Snake2.csproj", "{7C4DB19B-740C-4D31-B291-9387F5D991EF}"
EndProject
Global
	GlobalSection(SolutionConfigurationPlatforms) = preSolution
		Debug|Any CPU = Debug|Any CPU
		Release|Any CPU = Release|Any CPU
	EndGlobalSection
	GlobalSection(ProjectConfigurationPlatforms) = postSolution
		{7C4DB19B-740C-4D31-B291-9387F5D991EF}.Debug|Any CPU.ActiveCfg = Debug|Any CPU
		{7C4DB19B-740C-4D31-B291-9387F5D991EF}.Debug|Any CPU.Build.0 = Debug|Any CPU
		{7C4DB19B-740C-4D31-B291-9387F5D991EF}.Release|Any CPU.ActiveCfg = Release|Any CPU
		{7C4DB19B-740C-4D31-B291-9387F5D991EF}.Release|Any CPU.Build.0 = Release|Any CPU
	EndGlobalSection
	GlobalSection(SolutionProperties) = preSolution
		HideSolutionNode = FALSE
	EndGlobalSection
	GlobalSection(ExtensibilityGlobals) = postSolution
		SolutionGuid = {AF1E690C-904A-45A0-A24E-0B6DC162CEFA}
	EndGlobalSection
EndGlobal
